// !$*UTF8*$!
{
	archiveVersion = 1;
	classes = {
	};
	objectVersion = 46;
	objects = {

/* Begin PBXBuildFile section */
		C24DA0C71B17006100C99956 /* main.m in Sources */ = {isa = PBXBuildFile; fileRef = C24DA0C61B17006100C99956 /* main.m */; };
		C24DA0CA1B17006100C99956 /* AppDelegate.m in Sources */ = {isa = PBXBuildFile; fileRef = C24DA0C91B17006100C99956 /* AppDelegate.m */; };
		C24DA0CD1B17006100C99956 /* ViewController.m in Sources */ = {isa = PBXBuildFile; fileRef = C24DA0CC1B17006100C99956 /* ViewController.m */; };
		C24DA0D01B17006100C99956 /* Main.storyboard in Resources */ = {isa = PBXBuildFile; fileRef = C24DA0CE1B17006100C99956 /* Main.storyboard */; };
		C24DA0D21B17006100C99956 /* Images.xcassets in Resources */ = {isa = PBXBuildFile; fileRef = C24DA0D11B17006100C99956 /* Images.xcassets */; };
		C24DA0D51B17006100C99956 /* LaunchScreen.xib in Resources */ = {isa = PBXBuildFile; fileRef = C24DA0D31B17006100C99956 /* LaunchScreen.xib */; };
		C24DA0E11B17006100C99956 /* _528_____Tests.m in Sources */ = {isa = PBXBuildFile; fileRef = C24DA0E01B17006100C99956 /* _528_____Tests.m */; };
		C24DA0F31B1701CC00C99956 /* 1.jpg in Resources */ = {isa = PBXBuildFile; fileRef = C24DA0EA1B1701CC00C99956 /* 1.jpg */; };
		C24DA0F41B1701CC00C99956 /* 2.jpg in Resources */ = {isa = PBXBuildFile; fileRef = C24DA0EB1B1701CC00C99956 /* 2.jpg */; };
		C24DA0F51B1701CC00C99956 /* 3.jpg in Resources */ = {isa = PBXBuildFile; fileRef = C24DA0EC1B1701CC00C99956 /* 3.jpg */; };
		C24DA0F61B1701CC00C99956 /* 4.jpg in Resources */ = {isa = PBXBuildFile; fileRef = C24DA0ED1B1701CC00C99956 /* 4.jpg */; };
		C24DA0F71B1701CC00C99956 /* 5.jpg in Resources */ = {isa = PBXBuildFile; fileRef = C24DA0EE1B1701CC00C99956 /* 5.jpg */; };
		C24DA0F81B1701CC00C99956 /* 6.jpg in Resources */ = {isa = PBXBuildFile; fileRef = C24DA0EF1B1701CC00C99956 /* 6.jpg */; };
		C24DA0F91B1701CC00C99956 /* 7.jpg in Resources */ = {isa = PBXBuildFile; fileRef = C24DA0F01B1701CC00C99956 /* 7.jpg */; };
		C24DA0FA1B1701CC00C99956 /* 8.jpg in Resources */ = {isa = PBXBuildFile; fileRef = C24DA0F11B1701CC00C99956 /* 8.jpg */; };
		C24DA0FB1B1701CC00C99956 /* 9.jpg in Resources */ = {isa = PBXBuildFile; fileRef = C24DA0F21B1701CC00C99956 /* 9.jpg */; };
/* End PBXBuildFile section */

/* Begin PBXContainerItemProxy section */
		C24DA0DB1B17006100C99956 /* PBXContainerItemProxy */ = {
			isa = PBXContainerItemProxy;
			containerPortal = C24DA0B91B17006100C99956 /* Project object */;
			proxyType = 1;
			remoteGlobalIDString = C24DA0C01B17006100C99956;
			remoteInfo = "0528-转场动画";
		};
/* End PBXContainerItemProxy section */

/* Begin PBXFileReference section */
		C24DA0C11B17006100C99956 /* 0528-转场动画.app */ = {isa = PBXFileReference; explicitFileType = wrapper.application; includeInIndex = 0; path = "0528-转场动画.app"; sourceTree = BUILT_PRODUCTS_DIR; };
		C24DA0C51B17006100C99956 /* Info.plist */ = {isa = PBXFileReference; lastKnownFileType = text.plist.xml; path = Info.plist; sourceTree = "<group>"; };
		C24DA0C61B17006100C99956 /* main.m */ = {isa = PBXFileReference; lastKnownFileType = sourcecode.c.objc; path = main.m; sourceTree = "<group>"; };
		C24DA0C81B17006100C99956 /* AppDelegate.h */ = {isa = PBXFileReference; lastKnownFileType = sourcecode.c.h; path = AppDelegate.h; sourceTree = "<group>"; };
		C24DA0C91B17006100C99956 /* AppDelegate.m */ = {isa = PBXFileReference; lastKnownFileType = sourcecode.c.objc; path = AppDelegate.m; sourceTree = "<group>"; };
		C24DA0CB1B17006100C99956 /* ViewController.h */ = {isa = PBXFileReference; lastKnownFileType = sourcecode.c.h; path = ViewController.h; sourceTree = "<group>"; };
		C24DA0CC1B17006100C99956 /* ViewController.m */ = {isa = PBXFileReference; lastKnownFileType = sourcecode.c.objc; path = ViewController.m; sourceTree = "<group>"; };
		C24DA0CF1B17006100C99956 /* Base */ = {isa = PBXFileReference; lastKnownFileType = file.storyboard; name = Base; path = Base.lproj/Main.storyboard; sourceTree = "<group>"; };
		C24DA0D11B17006100C99956 /* Images.xcassets */ = {isa = PBXFileReference; lastKnownFileType = folder.assetcatalog; path = Images.xcassets; sourceTree = "<group>"; };
		C24DA0D41B17006100C99956 /* Base */ = {isa = PBXFileReference; lastKnownFileType = file.xib; name = Base; path = Base.lproj/LaunchScreen.xib; sourceTree = "<group>"; };
		C24DA0DA1B17006100C99956 /* 0528-转场动画Tests.xctest */ = {isa = PBXFileReference; explicitFileType = wrapper.cfbundle; includeInIndex = 0; path = "0528-转场动画Tests.xctest"; sourceTree = BUILT_PRODUCTS_DIR; };
		C24DA0DF1B17006100C99956 /* Info.plist */ = {isa = PBXFileReference; lastKnownFileType = text.plist.xml; path = Info.plist; sourceTree = "<group>"; };
		C24DA0E01B17006100C99956 /* _528_____Tests.m */ = {isa = PBXFileReference; lastKnownFileType = sourcecode.c.objc; path = "_528_____Tests.m"; sourceTree = "<group>"; };
		C24DA0EA1B1701CC00C99956 /* 1.jpg */ = {isa = PBXFileReference; lastKnownFileType = image.jpeg; path = 1.jpg; sourceTree = "<group>"; };
		C24DA0EB1B1701CC00C99956 /* 2.jpg */ = {isa = PBXFileReference; lastKnownFileType = image.jpeg; path = 2.jpg; sourceTree = "<group>"; };
		C24DA0EC1B1701CC00C99956 /* 3.jpg */ = {isa = PBXFileReference; lastKnownFileType = image.jpeg; path = 3.jpg; sourceTree = "<group>"; };
		C24DA0ED1B1701CC00C99956 /* 4.jpg */ = {isa = PBXFileReference; lastKnownFileType = image.jpeg; path = 4.jpg; sourceTree = "<group>"; };
		C24DA0EE1B1701CC00C99956 /* 5.jpg */ = {isa = PBXFileReference; lastKnownFileType = image.jpeg; path = 5.jpg; sourceTree = "<group>"; };
		C24DA0EF1B1701CC00C99956 /* 6.jpg */ = {isa = PBXFileReference; lastKnownFileType = image.jpeg; path = 6.jpg; sourceTree = "<group>"; };
		C24DA0F01B1701CC00C99956 /* 7.jpg */ = {isa = PBXFileReference; lastKnownFileType = image.jpeg; path = 7.jpg; sourceTree = "<group>"; };
		C24DA0F11B1701CC00C99956 /* 8.jpg */ = {isa = PBXFileReference; lastKnownFileType = image.jpeg; path = 8.jpg; sourceTree = "<group>"; };
		C24DA0F21B1701CC00C99956 /* 9.jpg */ = {isa = PBXFileReference; lastKnownFileType = image.jpeg; path = 9.jpg; sourceTree = "<group>"; };
/* End PBXFileReference section */

/* Begin PBXFrameworksBuildPhase section */
		C24DA0BE1B17006100C99956 /* Frameworks */ = {
			isa = PBXFrameworksBuildPhase;
			buildActionMask = 2147483647;
			files = (
			);
			runOnlyForDeploymentPostprocessing = 0;
		};
		C24DA0D71B17006100C99956 /* Frameworks */ = {
			isa = PBXFrameworksBuildPhase;
			buildActionMask = 2147483647;
			files = (
			);
			runOnlyForDeploymentPostprocessing = 0;
		};
/* End PBXFrameworksBuildPhase section */

/* Begin PBXGroup section */
		C24DA0B81B17006100C99956 = {
			isa = PBXGroup;
			children = (
				C24DA0C31B17006100C99956 /* 0528-转场动画 */,
				C24DA0DD1B17006100C99956 /* 0528-转场动画Tests */,
				C24DA0C21B17006100C99956 /* Products */,
			);
			sourceTree = "<group>";
		};
		C24DA0C21B17006100C99956 /* Products */ = {
			isa = PBXGroup;
			children = (
				C24DA0C11B17006100C99956 /* 0528-转场动画.app */,
				C24DA0DA1B17006100C99956 /* 0528-转场动画Tests.xctest */,
			);
			name = Products;
			sourceTree = "<group>";
		};
		C24DA0C31B17006100C99956 /* 0528-转场动画 */ = {
			isa = PBXGroup;
			children = (
				C24DA0C81B17006100C99956 /* AppDelegate.h */,
				C24DA0C91B17006100C99956 /* AppDelegate.m */,
				C24DA0CB1B17006100C99956 /* ViewController.h */,
				C24DA0CC1B17006100C99956 /* ViewController.m */,
				C24DA0CE1B17006100C99956 /* Main.storyboard */,
				C24DA0D11B17006100C99956 /* Images.xcassets */,
				C24DA0D31B17006100C99956 /* LaunchScreen.xib */,
				C24DA0C41B17006100C99956 /* Supporting Files */,
			);
			path = "0528-转场动画";
			sourceTree = "<group>";
		};
		C24DA0C41B17006100C99956 /* Supporting Files */ = {
			isa = PBXGroup;
			children = (
				C24DA0EA1B1701CC00C99956 /* 1.jpg */,
				C24DA0EB1B1701CC00C99956 /* 2.jpg */,
				C24DA0EC1B1701CC00C99956 /* 3.jpg */,
				C24DA0ED1B1701CC00C99956 /* 4.jpg */,
				C24DA0EE1B1701CC00C99956 /* 5.jpg */,
				C24DA0EF1B1701CC00C99956 /* 6.jpg */,
				C24DA0F01B1701CC00C99956 /* 7.jpg */,
				C24DA0F11B1701CC00C99956 /* 8.jpg */,
				C24DA0F21B1701CC00C99956 /* 9.jpg */,
				C24DA0C51B17006100C99956 /* Info.plist */,
				C24DA0C61B17006100C99956 /* main.m */,
			);
			name = "Supporting Files";
			sourceTree = "<group>";
		};
		C24DA0DD1B17006100C99956 /* 0528-转场动画Tests */ = {
			isa = PBXGroup;
			children = (
				C24DA0E01B17006100C99956 /* _528_____Tests.m */,
				C24DA0DE1B17006100C99956 /* Supporting Files */,
			);
			path = "0528-转场动画Tests";
			sourceTree = "<group>";
		};
		C24DA0DE1B17006100C99956 /* Supporting Files */ = {
			isa = PBXGroup;
			children = (
				C24DA0DF1B17006100C99956 /* Info.plist */,
			);
			name = "Supporting Files";
			sourceTree = "<group>";
		};
/* End PBXGroup section */

/* Begin PBXNativeTarget section */
		C24DA0C01B17006100C99956 /* 0528-转场动画 */ = {
			isa = PBXNativeTarget;
			buildConfigurationList = C24DA0E41B17006100C99956 /* Build configuration list for PBXNativeTarget "0528-转场动画" */;
			buildPhases = (
				C24DA0BD1B17006100C99956 /* Sources */,
				C24DA0BE1B17006100C99956 /* Frameworks */,
				C24DA0BF1B17006100C99956 /* Resources */,
			);
			buildRules = (
			);
			dependencies = (
			);
			name = "0528-转场动画";
			productName = "0528-转场动画";
			productReference = C24DA0C11B17006100C99956 /* 0528-转场动画.app */;
			productType = "com.apple.product-type.application";
		};
		C24DA0D91B17006100C99956 /* 0528-转场动画Tests */ = {
			isa = PBXNativeTarget;
			buildConfigurationList = C24DA0E71B17006100C99956 /* Build configuration list for PBXNativeTarget "0528-转场动画Tests" */;
			buildPhases = (
				C24DA0D61B17006100C99956 /* Sources */,
				C24DA0D71B17006100C99956 /* Frameworks */,
				C24DA0D81B17006100C99956 /* Resources */,
			);
			buildRules = (
			);
			dependencies = (
				C24DA0DC1B17006100C99956 /* PBXTargetDependency */,
			);
			name = "0528-转场动画Tests";
			productName = "0528-转场动画Tests";
			productReference = C24DA0DA1B17006100C99956 /* 0528-转场动画Tests.xctest */;
			productType = "com.apple.product-type.bundle.unit-test";
		};
/* End PBXNativeTarget section */

/* Begin PBXProject section */
		C24DA0B91B17006100C99956 /* Project object */ = {
			isa = PBXProject;
			attributes = {
				CLASSPREFIX = MX;
				LastUpgradeCheck = 0630;
				ORGANIZATIONNAME = "伊卡洛斯";
				TargetAttributes = {
					C24DA0C01B17006100C99956 = {
						CreatedOnToolsVersion = 6.3.2;
					};
					C24DA0D91B17006100C99956 = {
						CreatedOnToolsVersion = 6.3.2;
						TestTargetID = C24DA0C01B17006100C99956;
					};
				};
			};
			buildConfigurationList = C24DA0BC1B17006100C99956 /* Build configuration list for PBXProject "0528-转场动画" */;
			compatibilityVersion = "Xcode 3.2";
			developmentRegion = English;
			hasScannedForEncodings = 0;
			knownRegions = (
				en,
				Base,
			);
			mainGroup = C24DA0B81B17006100C99956;
			productRefGroup = C24DA0C21B17006100C99956 /* Products */;
			projectDirPath = "";
			projectRoot = "";
			targets = (
				C24DA0C01B17006100C99956 /* 0528-转场动画 */,
				C24DA0D91B17006100C99956 /* 0528-转场动画Tests */,
			);
		};
/* End PBXProject section */

/* Begin PBXResourcesBuildPhase section */
		C24DA0BF1B17006100C99956 /* Resources */ = {
			isa = PBXResourcesBuildPhase;
			buildActionMask = 2147483647;
			files = (
				C24DA0FA1B1701CC00C99956 /* 8.jpg in Resources */,
				C24DA0F81B1701CC00C99956 /* 6.jpg in Resources */,
				C24DA0D01B17006100C99956 /* Main.storyboard in Resources */,
				C24DA0F71B1701CC00C99956 /* 5.jpg in Resources */,
				C24DA0F61B1701CC00C99956 /* 4.jpg in Resources */,
				C24DA0F31B1701CC00C99956 /* 1.jpg in Resources */,
				C24DA0F41B1701CC00C99956 /* 2.jpg in Resources */,
				C24DA0F51B1701CC00C99956 /* 3.jpg in Resources */,
				C24DA0F91B1701CC00C99956 /* 7.jpg in Resources */,
				C24DA0FB1B1701CC00C99956 /* 9.jpg in Resources */,
				C24DA0D51B17006100C99956 /* LaunchScreen.xib in Resources */,
				C24DA0D21B17006100C99956 /* Images.xcassets in Resources */,
			);
			runOnlyForDeploymentPostprocessing = 0;
		};
		C24DA0D81B17006100C99956 /* Resources */ = {
			isa = PBXResourcesBuildPhase;
			buildActionMask = 2147483647;
			files = (
			);
			runOnlyForDeploymentPostprocessing = 0;
		};
/* End PBXResourcesBuildPhase section */

/* Begin PBXSourcesBuildPhase section */
		C24DA0BD1B17006100C99956 /* Sources */ = {
			isa = PBXSourcesBuildPhase;
			buildActionMask = 2147483647;
			files = (
				C24DA0CD1B17006100C99956 /* ViewController.m in Sources */,
				C24DA0CA1B17006100C99956 /* AppDelegate.m in Sources */,
				C24DA0C71B17006100C99956 /* main.m in Sources */,
			);
			runOnlyForDeploymentPostprocessing = 0;
		};
		C24DA0D61B17006100C99956 /* Sources */ = {
			isa = PBXSourcesBuildPhase;
			buildActionMask = 2147483647;
			files = (
				C24DA0E11B17006100C99956 /* _528_____Tests.m in Sources */,
			);
			runOnlyForDeploymentPostprocessing = 0;
		};
/* End PBXSourcesBuildPhase section */

/* Begin PBXTargetDependency section */
		C24DA0DC1B17006100C99956 /* PBXTargetDependency */ = {
			isa = PBXTargetDependency;
			target = C24DA0C01B17006100C99956 /* 0528-转场动画 */;
			targetProxy = C24DA0DB1B17006100C99956 /* PBXContainerItemProxy */;
		};
/* End PBXTargetDependency section */

/* Begin PBXVariantGroup section */
		C24DA0CE1B17006100C99956 /* Main.storyboard */ = {
			isa = PBXVariantGroup;
			children = (
				C24DA0CF1B17006100C99956 /* Base */,
			);
			name = Main.storyboard;
			sourceTree = "<group>";
		};
		C24DA0D31B17006100C99956 /* LaunchScreen.xib */ = {
			isa = PBXVariantGroup;
			children = (
				C24DA0D41B17006100C99956 /* Base */,
			);
			name = LaunchScreen.xib;
			sourceTree = "<group>";
		};
/* End PBXVariantGroup section */

/* Begin XCBuildConfiguration section */
		C24DA0E21B17006100C99956 /* Debug */ = {
			isa = XCBuildConfiguration;
			buildSettings = {
				ALWAYS_SEARCH_USER_PATHS = NO;
				CLANG_CXX_LANGUAGE_STANDARD = "gnu++0x";
				CLANG_CXX_LIBRARY = "libc++";
				CLANG_ENABLE_MODULES = YES;
				CLANG_ENABLE_OBJC_ARC = YES;
				CLANG_WARN_BOOL_CONVERSION = YES;
				CLANG_WARN_CONSTANT_CONVERSION = YES;
				CLANG_WARN_DIRECT_OBJC_ISA_USAGE = YES_ERROR;
				CLANG_WARN_EMPTY_BODY = YES;
				CLANG_WARN_ENUM_CONVERSION = YES;
				CLANG_WARN_INT_CONVERSION = YES;
				CLANG_WARN_OBJC_ROOT_CLASS = YES_ERROR;
				CLANG_WARN_UNREACHABLE_CODE = YES;
				CLANG_WARN__DUPLICATE_METHOD_MATCH = YES;
				"CODE_SIGN_IDENTITY[sdk=iphoneos*]" = "iPhone Developer";
				COPY_PHASE_STRIP = NO;
				DEBUG_INFORMATION_FORMAT = "dwarf-with-dsym";
				ENABLE_STRICT_OBJC_MSGSEND = YES;
				GCC_C_LANGUAGE_STANDARD = gnu99;
				GCC_DYNAMIC_NO_PIC = NO;
				GCC_NO_COMMON_BLOCKS = YES;
				GCC_OPTIMIZATION_LEVEL = 0;
				GCC_PREPROCESSOR_DEFINITIONS = (
					"DEBUG=1",
					"$(inherited)",
				);
				GCC_SYMBOLS_PRIVATE_EXTERN = NO;
				GCC_WARN_64_TO_32_BIT_CONVERSION = YES;
				GCC_WARN_ABOUT_RETURN_TYPE = YES_ERROR;
				GCC_WARN_UNDECLARED_SELECTOR = YES;
				GCC_WARN_UNINITIALIZED_AUTOS = YES_AGGRESSIVE;
				GCC_WARN_UNUSED_FUNCTION = YES;
				GCC_WARN_UNUSED_VARIABLE = YES;
				IPHONEOS_DEPLOYMENT_TARGET = 8.3;
				MTL_ENABLE_DEBUG_INFO = YES;
				ONLY_ACTIVE_ARCH = YES;
				SDKROOT = iphoneos;
			};
			name = Debug;
		};
		C24DA0E31B17006100C99956 /* Release */ = {
			isa = XCBuildConfiguration;
			buildSettings = {
				ALWAYS_SEARCH_USER_PATHS = NO;
				CLANG_CXX_LANGUAGE_STANDARD = "gnu++0x";
				CLANG_CXX_LIBRARY = "libc++";
				CLANG_ENABLE_MODULES = YES;
				CLANG_ENABLE_OBJC_ARC = YES;
				CLANG_WARN_BOOL_CONVERSION = YES;
				CLANG_WARN_CONSTANT_CONVERSION = YES;
				CLANG_WARN_DIRECT_OBJC_ISA_USAGE = YES_ERROR;
				CLANG_WARN_EMPTY_BODY = YES;
				CLANG_WARN_ENUM_CONVERSION = YES;
				CLANG_WARN_INT_CONVERSION = YES;
				CLANG_WARN_OBJC_ROOT_CLASS = YES_ERROR;
				CLANG_WARN_UNREACHABLE_CODE = YES;
				CLANG_WARN__DUPLICATE_METHOD_MATCH = YES;
				"CODE_SIGN_IDENTITY[sdk=iphoneos*]" = "iPhone Developer";
				COPY_PHASE_STRIP = NO;
				DEBUG_INFORMATION_FORMAT = "dwarf-with-dsym";
				ENABLE_NS_ASSERTIONS = NO;
				ENABLE_STRICT_OBJC_MSGSEND = YES;
				GCC_C_LANGUAGE_STANDARD = gnu99;
				GCC_NO_COMMON_BLOCKS = YES;
				GCC_WARN_64_TO_32_BIT_CONVERSION = YES;
				GCC_WARN_ABOUT_RETURN_TYPE = YES_ERROR;
				GCC_WARN_UNDECLARED_SELECTOR = YES;
				GCC_WARN_UNINITIALIZED_AUTOS = YES_AGGRESSIVE;
				GCC_WARN_UNUSED_FUNCTION = YES;
				GCC_WARN_UNUSED_VARIABLE = YES;
				IPHONEOS_DEPLOYMENT_TARGET = 8.3;
				MTL_ENABLE_DEBUG_INFO = NO;
				SDKROOT = iphoneos;
				VALIDATE_PRODUCT = YES;
			};
			name = Release;
		};
		C24DA0E51B17006100C99956 /* Debug */ = {
			isa = XCBuildConfiguration;
			buildSettings = {
				ASSETCATALOG_COMPILER_APPICON_NAME = AppIcon;
				INFOPLIST_FILE = "0528-转场动画/Info.plist";
				LD_RUNPATH_SEARCH_PATHS = "$(inherited) @executable_path/Frameworks";
				PRODUCT_NAME = "$(TARGET_NAME)";
			};
			name = Debug;
		};
		C24DA0E61B17006100C99956 /* Release */ = {
			isa = XCBuildConfiguration;
			buildSettings = {
				ASSETCATALOG_COMPILER_APPICON_NAME = AppIcon;
				INFOPLIST_FILE = "0528-转场动画/Info.plist";
				LD_RUNPATH_SEARCH_PATHS = "$(inherited) @executable_path/Frameworks";
				PRODUCT_NAME = "$(TARGET_NAME)";
			};
			name = Release;
		};
		C24DA0E81B17006100C99956 /* Debug */ = {
			isa = XCBuildConfiguration;
			buildSettings = {
				BUNDLE_LOADER = "$(TEST_HOST)";
				FRAMEWORK_SEARCH_PATHS = (
					"$(SDKROOT)/Developer/Library/Frameworks",
					"$(inherited)",
				);
				GCC_PREPROCESSOR_DEFINITIONS = (
					"DEBUG=1",
					"$(inherited)",
				);
				INFOPLIST_FILE = "0528-转场动画Tests/Info.plist";
				LD_RUNPATH_SEARCH_PATHS = "$(inherited) @executable_path/Frameworks @loader_path/Frameworks";
				PRODUCT_NAME = "$(TARGET_NAME)";
				TEST_HOST = "$(BUILT_PRODUCTS_DIR)/0528-转场动画.app/0528-转场动画";
			};
			name = Debug;
		};
		C24DA0E91B17006100C99956 /* Release */ = {
			isa = XCBuildConfiguration;
			buildSettings = {
				BUNDLE_LOADER = "$(TEST_HOST)";
				FRAMEWORK_SEARCH_PATHS = (
					"$(SDKROOT)/Developer/Library/Frameworks",
					"$(inherited)",
				);
				INFOPLIST_FILE = "0528-转场动画Tests/Info.plist";
				LD_RUNPATH_SEARCH_PATHS = "$(inherited) @executable_path/Frameworks @loader_path/Frameworks";
				PRODUCT_NAME = "$(TARGET_NAME)";
				TEST_HOST = "$(BUILT_PRODUCTS_DIR)/0528-转场动画.app/0528-转场动画";
			};
			name = Release;
		};
/* End XCBuildConfiguration section */

/* Begin XCConfigurationList section */
		C24DA0BC1B17006100C99956 /* Build configuration list for PBXProject "0528-转场动画" */ = {
			isa = XCConfigurationList;
			buildConfigurations = (
				C24DA0E21B17006100C99956 /* Debug */,
				C24DA0E31B17006100C99956 /* Release */,
			);
			defaultConfigurationIsVisible = 0;
			defaultConfigurationName = Release;
		};
		C24DA0E41B17006100C99956 /* Build configuration list for PBXNativeTarget "0528-转场动画" */ = {
			isa = XCConfigurationList;
			buildConfigurations = (
				C24DA0E51B17006100C99956 /* Debug */,
				C24DA0E61B17006100C99956 /* Release */,
			);
			defaultConfigurationIsVisible = 0;
		};
		C24DA0E71B17006100C99956 /* Build configuration list for PBXNativeTarget "0528-转场动画Tests" */ = {
			isa = XCConfigurationList;
			buildConfigurations = (
				C24DA0E81B17006100C99956 /* Debug */,
				C24DA0E91B17006100C99956 /* Release */,
			);
			defaultConfigurationIsVisible = 0;
		};
/* End XCConfigurationList section */
	};
	rootObject = C24DA0B91B17006100C99956 /* Project object */;
}
